// !$*UTF8*$!
{
	archiveVersion = 1;
	classes = {
	};
	objectVersion = 46;
	objects = {

/* Begin PBXBuildFile section */
		3FA3B3BB40C88C9222AA0C2C /* libPods-SplashPhotos.a in Frameworks */ = {isa = PBXBuildFile; fileRef = 9D5AC88D43B138B013C21650 /* libPods-SplashPhotos.a */; };
		63153EFC1D5AD73C00443497 /* UITableView+NoData.m in Sources */ = {isa = PBXBuildFile; fileRef = 63153EFB1D5AD73C00443497 /* UITableView+NoData.m */; };
		631E56981D54D962003B3800 /* DownloadManager.m in Sources */ = {isa = PBXBuildFile; fileRef = 631E56971D54D962003B3800 /* DownloadManager.m */; };
		631E569C1D54E65A003B3800 /* SettingViewController.m in Sources */ = {isa = PBXBuildFile; fileRef = 631E569B1D54E65A003B3800 /* SettingViewController.m */; };
		631E569F1D54E734003B3800 /* SettingManager.m in Sources */ = {isa = PBXBuildFile; fileRef = 631E569E1D54E734003B3800 /* SettingManager.m */; };
		6323B9F31D586D850000650C /* FileOperationManager.m in Sources */ = {isa = PBXBuildFile; fileRef = 6323B9F21D586D850000650C /* FileOperationManager.m */; };
		632604871D5224C800A96425 /* PhotoCollectionViewController.m in Sources */ = {isa = PBXBuildFile; fileRef = 632604861D5224C800A96425 /* PhotoCollectionViewController.m */; };
		6326048A1D52290800A96425 /* PhotosCollectionViewCell.m in Sources */ = {isa = PBXBuildFile; fileRef = 632604891D52290800A96425 /* PhotosCollectionViewCell.m */; };
		63A373CA1D56BB34006BF19F /* PhotoService.m in Sources */ = {isa = PBXBuildFile; fileRef = 63A373C91D56BB34006BF19F /* PhotoService.m */; };
		63A539171D5569AA001444F0 /* MainTabBarController.m in Sources */ = {isa = PBXBuildFile; fileRef = 63A539161D5569AA001444F0 /* MainTabBarController.m */; };
		63A5391B1D55775A001444F0 /* DownloadTableViewController.m in Sources */ = {isa = PBXBuildFile; fileRef = 63A5391A1D55775A001444F0 /* DownloadTableViewController.m */; };
		63A5391E1D55777C001444F0 /* DownloadTableViewCell.m in Sources */ = {isa = PBXBuildFile; fileRef = 63A5391D1D55777C001444F0 /* DownloadTableViewCell.m */; };
		63A539251D55874C001444F0 /* UIColor+HPZColor.m in Sources */ = {isa = PBXBuildFile; fileRef = 63A539241D55874C001444F0 /* UIColor+HPZColor.m */; };
		63A539291D55CA07001444F0 /* DownloadPhoto.m in Sources */ = {isa = PBXBuildFile; fileRef = 63A539281D55CA07001444F0 /* DownloadPhoto.m */; };
		63A5392E1D55D41F001444F0 /* SystemServiceHelper.m in Sources */ = {isa = PBXBuildFile; fileRef = 63A5392D1D55D41F001444F0 /* SystemServiceHelper.m */; };
		63A539311D55F486001444F0 /* NetworkRequestHelper.m in Sources */ = {isa = PBXBuildFile; fileRef = 63A539301D55F486001444F0 /* NetworkRequestHelper.m */; };
		63C5BB981D65D1F700A5096E /* RECommonFunctions.m in Sources */ = {isa = PBXBuildFile; fileRef = 63C5BB931D65D1F700A5096E /* RECommonFunctions.m */; };
		63C5BB991D65D1F700A5096E /* RESideMenu.m in Sources */ = {isa = PBXBuildFile; fileRef = 63C5BB951D65D1F700A5096E /* RESideMenu.m */; };
		63C5BB9A1D65D1F700A5096E /* UIViewController+RESideMenu.m in Sources */ = {isa = PBXBuildFile; fileRef = 63C5BB971D65D1F700A5096E /* UIViewController+RESideMenu.m */; };
		63C5BBA11D65DEBF00A5096E /* InitViewController.m in Sources */ = {isa = PBXBuildFile; fileRef = 63C5BBA01D65DEBF00A5096E /* InitViewController.m */; };
		63C5BBA51D65E0CF00A5096E /* LeftViewController.m in Sources */ = {isa = PBXBuildFile; fileRef = 63C5BBA41D65E0CF00A5096E /* LeftViewController.m */; };
		63C680C21D66BF520053B871 /* CategoryManager.m in Sources */ = {isa = PBXBuildFile; fileRef = 63C680C11D66BF520053B871 /* CategoryManager.m */; };
		63C680C91D66C6570053B871 /* CategoryRequest.m in Sources */ = {isa = PBXBuildFile; fileRef = 63C680C81D66C6570053B871 /* CategoryRequest.m */; };
		63D7F3901D50AF3700DE068A /* main.m in Sources */ = {isa = PBXBuildFile; fileRef = 63D7F38F1D50AF3700DE068A /* main.m */; };
		63D7F3931D50AF3700DE068A /* AppDelegate.m in Sources */ = {isa = PBXBuildFile; fileRef = 63D7F3921D50AF3700DE068A /* AppDelegate.m */; };
		63D7F3991D50AF3700DE068A /* Main.storyboard in Resources */ = {isa = PBXBuildFile; fileRef = 63D7F3971D50AF3700DE068A /* Main.storyboard */; };
		63D7F39C1D50AF3700DE068A /* SplashPhotos.xcdatamodeld in Sources */ = {isa = PBXBuildFile; fileRef = 63D7F39A1D50AF3700DE068A /* SplashPhotos.xcdatamodeld */; };
		63D7F39E1D50AF3700DE068A /* Assets.xcassets in Resources */ = {isa = PBXBuildFile; fileRef = 63D7F39D1D50AF3700DE068A /* Assets.xcassets */; };
		63D7F3A11D50AF3700DE068A /* LaunchScreen.storyboard in Resources */ = {isa = PBXBuildFile; fileRef = 63D7F39F1D50AF3700DE068A /* LaunchScreen.storyboard */; };
		63E91AC61D53149B0071546E /* ProfileImage+CoreDataProperties.m in Sources */ = {isa = PBXBuildFile; fileRef = 63E91AB31D53149B0071546E /* ProfileImage+CoreDataProperties.m */; };
		63E91AC71D53149B0071546E /* ProfileImage.m in Sources */ = {isa = PBXBuildFile; fileRef = 63E91AB51D53149B0071546E /* ProfileImage.m */; };
		63E91AC81D53149B0071546E /* Urls+CoreDataProperties.m in Sources */ = {isa = PBXBuildFile; fileRef = 63E91AB71D53149B0071546E /* Urls+CoreDataProperties.m */; };
		63E91AC91D53149B0071546E /* Urls.m in Sources */ = {isa = PBXBuildFile; fileRef = 63E91AB91D53149B0071546E /* Urls.m */; };
		63E91ACA1D53149B0071546E /* Photo+CoreDataProperties.m in Sources */ = {isa = PBXBuildFile; fileRef = 63E91ABB1D53149B0071546E /* Photo+CoreDataProperties.m */; };
		63E91ACB1D53149B0071546E /* Photo.m in Sources */ = {isa = PBXBuildFile; fileRef = 63E91ABD1D53149B0071546E /* Photo.m */; };
		63E91ACC1D53149B0071546E /* Links+CoreDataProperties.m in Sources */ = {isa = PBXBuildFile; fileRef = 63E91ABF1D53149B0071546E /* Links+CoreDataProperties.m */; };
		63E91ACD1D53149B0071546E /* Links.m in Sources */ = {isa = PBXBuildFile; fileRef = 63E91AC11D53149B0071546E /* Links.m */; };
		63E91ACE1D53149B0071546E /* User+CoreDataProperties.m in Sources */ = {isa = PBXBuildFile; fileRef = 63E91AC31D53149B0071546E /* User+CoreDataProperties.m */; };
		63E91ACF1D53149B0071546E /* User.m in Sources */ = {isa = PBXBuildFile; fileRef = 63E91AC51D53149B0071546E /* User.m */; };
		63E91AD21D53157B0071546E /* UrlHelper.m in Sources */ = {isa = PBXBuildFile; fileRef = 63E91AD11D53157B0071546E /* UrlHelper.m */; };
		63E91AD51D5318830071546E /* UnsplashAPIHelper.m in Sources */ = {isa = PBXBuildFile; fileRef = 63E91AD41D5318830071546E /* UnsplashAPIHelper.m */; };
		63E91AD81D531CDB0071546E /* PhotoManager.m in Sources */ = {isa = PBXBuildFile; fileRef = 63E91AD71D531CDB0071546E /* PhotoManager.m */; };
		63E91ADA1D53551E0071546E /* MobileCoreServices.framework in Frameworks */ = {isa = PBXBuildFile; fileRef = 63E91AD91D53551E0071546E /* MobileCoreServices.framework */; };
		63E91ADC1D53554D0071546E /* SystemConfiguration.framework in Frameworks */ = {isa = PBXBuildFile; fileRef = 63E91ADB1D53554D0071546E /* SystemConfiguration.framework */; };
		63E91ADE1D5357040071546E /* Security.framework in Frameworks */ = {isa = PBXBuildFile; fileRef = 63E91ADD1D5357040071546E /* Security.framework */; };
		63E91AE11D536BCF0071546E /* NetworkHelper.m in Sources */ = {isa = PBXBuildFile; fileRef = 63E91AE01D536BCF0071546E /* NetworkHelper.m */; };
		63F8D97D1D669B260056CFD5 /* Category.m in Sources */ = {isa = PBXBuildFile; fileRef = 63F8D97C1D669B260056CFD5 /* Category.m */; };
		63F8D9801D669E680056CFD5 /* Links2.m in Sources */ = {isa = PBXBuildFile; fileRef = 63F8D97F1D669E680056CFD5 /* Links2.m */; };
/* End PBXBuildFile section */

/* Begin PBXFileReference section */
		63153EFA1D5AD73C00443497 /* UITableView+NoData.h */ = {isa = PBXFileReference; fileEncoding = 4; lastKnownFileType = sourcecode.c.h; path = "UITableView+NoData.h"; sourceTree = "<group>"; };
		63153EFB1D5AD73C00443497 /* UITableView+NoData.m */ = {isa = PBXFileReference; fileEncoding = 4; lastKnownFileType = sourcecode.c.objc; path = "UITableView+NoData.m"; sourceTree = "<group>"; };
		631E56961D54D962003B3800 /* DownloadManager.h */ = {isa = PBXFileReference; fileEncoding = 4; lastKnownFileType = sourcecode.c.h; path = DownloadManager.h; sourceTree = "<group>"; };
		631E56971D54D962003B3800 /* DownloadManager.m */ = {isa = PBXFileReference; fileEncoding = 4; lastKnownFileType = sourcecode.c.objc; path = DownloadManager.m; sourceTree = "<group>"; };
		631E569A1D54E65A003B3800 /* SettingViewController.h */ = {isa = PBXFileReference; fileEncoding = 4; lastKnownFileType = sourcecode.c.h; path = SettingViewController.h; sourceTree = "<group>"; };
		631E569B1D54E65A003B3800 /* SettingViewController.m */ = {isa = PBXFileReference; fileEncoding = 4; lastKnownFileType = sourcecode.c.objc; path = SettingViewController.m; sourceTree = "<group>"; };
		631E569D1D54E734003B3800 /* SettingManager.h */ = {isa = PBXFileReference; fileEncoding = 4; lastKnownFileType = sourcecode.c.h; path = SettingManager.h; sourceTree = "<group>"; };
		631E569E1D54E734003B3800 /* SettingManager.m */ = {isa = PBXFileReference; fileEncoding = 4; lastKnownFileType = sourcecode.c.objc; path = SettingManager.m; sourceTree = "<group>"; };
		63207CF51D51C7050003A361 /* Prefix.pch */ = {isa = PBXFileReference; lastKnownFileType = sourcecode.c.h; path = Prefix.pch; sourceTree = "<group>"; };
		6323B9F11D586D850000650C /* FileOperationManager.h */ = {isa = PBXFileReference; fileEncoding = 4; lastKnownFileType = sourcecode.c.h; path = FileOperationManager.h; sourceTree = "<group>"; };
		6323B9F21D586D850000650C /* FileOperationManager.m */ = {isa = PBXFileReference; fileEncoding = 4; lastKnownFileType = sourcecode.c.objc; path = FileOperationManager.m; sourceTree = "<group>"; };
		632604851D5224C800A96425 /* PhotoCollectionViewController.h */ = {isa = PBXFileReference; fileEncoding = 4; lastKnownFileType = sourcecode.c.h; path = PhotoCollectionViewController.h; sourceTree = "<group>"; };
		632604861D5224C800A96425 /* PhotoCollectionViewController.m */ = {isa = PBXFileReference; fileEncoding = 4; lastKnownFileType = sourcecode.c.objc; path = PhotoCollectionViewController.m; sourceTree = "<group>"; };
		632604881D52290800A96425 /* PhotosCollectionViewCell.h */ = {isa = PBXFileReference; fileEncoding = 4; lastKnownFileType = sourcecode.c.h; path = PhotosCollectionViewCell.h; sourceTree = "<group>"; };
		632604891D52290800A96425 /* PhotosCollectionViewCell.m */ = {isa = PBXFileReference; fileEncoding = 4; lastKnownFileType = sourcecode.c.objc; path = PhotosCollectionViewCell.m; sourceTree = "<group>"; };
		63A373C81D56BB34006BF19F /* PhotoService.h */ = {isa = PBXFileReference; fileEncoding = 4; lastKnownFileType = sourcecode.c.h; path = PhotoService.h; sourceTree = "<group>"; };
		63A373C91D56BB34006BF19F /* PhotoService.m */ = {isa = PBXFileReference; fileEncoding = 4; lastKnownFileType = sourcecode.c.objc; path = PhotoService.m; sourceTree = "<group>"; };
		63A539151D5569AA001444F0 /* MainTabBarController.h */ = {isa = PBXFileReference; fileEncoding = 4; lastKnownFileType = sourcecode.c.h; path = MainTabBarController.h; sourceTree = "<group>"; };
		63A539161D5569AA001444F0 /* MainTabBarController.m */ = {isa = PBXFileReference; fileEncoding = 4; lastKnownFileType = sourcecode.c.objc; path = MainTabBarController.m; sourceTree = "<group>"; };
		63A539191D55775A001444F0 /* DownloadTableViewController.h */ = {isa = PBXFileReference; fileEncoding = 4; lastKnownFileType = sourcecode.c.h; path = DownloadTableViewController.h; sourceTree = "<group>"; };
		63A5391A1D55775A001444F0 /* DownloadTableViewController.m */ = {isa = PBXFileReference; fileEncoding = 4; lastKnownFileType = sourcecode.c.objc; path = DownloadTableViewController.m; sourceTree = "<group>"; };
		63A5391C1D55777C001444F0 /* DownloadTableViewCell.h */ = {isa = PBXFileReference; fileEncoding = 4; lastKnownFileType = sourcecode.c.h; path = DownloadTableViewCell.h; sourceTree = "<group>"; };
		63A5391D1D55777C001444F0 /* DownloadTableViewCell.m */ = {isa = PBXFileReference; fileEncoding = 4; lastKnownFileType = sourcecode.c.objc; path = DownloadTableViewCell.m; sourceTree = "<group>"; };
		63A539231D55874C001444F0 /* UIColor+HPZColor.h */ = {isa = PBXFileReference; fileEncoding = 4; lastKnownFileType = sourcecode.c.h; path = "UIColor+HPZColor.h"; sourceTree = "<group>"; };
		63A539241D55874C001444F0 /* UIColor+HPZColor.m */ = {isa = PBXFileReference; fileEncoding = 4; lastKnownFileType = sourcecode.c.objc; path = "UIColor+HPZColor.m"; sourceTree = "<group>"; };
		63A539271D55CA07001444F0 /* DownloadPhoto.h */ = {isa = PBXFileReference; fileEncoding = 4; lastKnownFileType = sourcecode.c.h; path = DownloadPhoto.h; sourceTree = "<group>"; };
		63A539281D55CA07001444F0 /* DownloadPhoto.m */ = {isa = PBXFileReference; fileEncoding = 4; lastKnownFileType = sourcecode.c.objc; path = DownloadPhoto.m; sourceTree = "<group>"; };
		63A5392C1D55D41F001444F0 /* SystemServiceHelper.h */ = {isa = PBXFileReference; fileEncoding = 4; lastKnownFileType = sourcecode.c.h; path = SystemServiceHelper.h; sourceTree = "<group>"; };
		63A5392D1D55D41F001444F0 /* SystemServiceHelper.m */ = {isa = PBXFileReference; fileEncoding = 4; lastKnownFileType = sourcecode.c.objc; path = SystemServiceHelper.m; sourceTree = "<group>"; };
		63A5392F1D55F486001444F0 /* NetworkRequestHelper.h */ = {isa = PBXFileReference; fileEncoding = 4; lastKnownFileType = sourcecode.c.h; path = NetworkRequestHelper.h; sourceTree = "<group>"; };
		63A539301D55F486001444F0 /* NetworkRequestHelper.m */ = {isa = PBXFileReference; fileEncoding = 4; lastKnownFileType = sourcecode.c.objc; path = NetworkRequestHelper.m; sourceTree = "<group>"; };
		63C5BB921D65D1F700A5096E /* RECommonFunctions.h */ = {isa = PBXFileReference; fileEncoding = 4; lastKnownFileType = sourcecode.c.h; name = RECommonFunctions.h; path = RESideMenu/RECommonFunctions.h; sourceTree = SOURCE_ROOT; };
		63C5BB931D65D1F700A5096E /* RECommonFunctions.m */ = {isa = PBXFileReference; fileEncoding = 4; lastKnownFileType = sourcecode.c.objc; name = RECommonFunctions.m; path = RESideMenu/RECommonFunctions.m; sourceTree = SOURCE_ROOT; };
		63C5BB941D65D1F700A5096E /* RESideMenu.h */ = {isa = PBXFileReference; fileEncoding = 4; lastKnownFileType = sourcecode.c.h; name = RESideMenu.h; path = RESideMenu/RESideMenu.h; sourceTree = SOURCE_ROOT; };
		63C5BB951D65D1F700A5096E /* RESideMenu.m */ = {isa = PBXFileReference; fileEncoding = 4; lastKnownFileType = sourcecode.c.objc; name = RESideMenu.m; path = RESideMenu/RESideMenu.m; sourceTree = SOURCE_ROOT; };
		63C5BB961D65D1F700A5096E /* UIViewController+RESideMenu.h */ = {isa = PBXFileReference; fileEncoding = 4; lastKnownFileType = sourcecode.c.h; name = "UIViewController+RESideMenu.h"; path = "RESideMenu/UIViewController+RESideMenu.h"; sourceTree = SOURCE_ROOT; };
		63C5BB971D65D1F700A5096E /* UIViewController+RESideMenu.m */ = {isa = PBXFileReference; fileEncoding = 4; lastKnownFileType = sourcecode.c.objc; name = "UIViewController+RESideMenu.m"; path = "RESideMenu/UIViewController+RESideMenu.m"; sourceTree = SOURCE_ROOT; };
		63C5BB9F1D65DEBF00A5096E /* InitViewController.h */ = {isa = PBXFileReference; fileEncoding = 4; lastKnownFileType = sourcecode.c.h; path = InitViewController.h; sourceTree = "<group>"; };
		63C5BBA01D65DEBF00A5096E /* InitViewController.m */ = {isa = PBXFileReference; fileEncoding = 4; lastKnownFileType = sourcecode.c.objc; path = InitViewController.m; sourceTree = "<group>"; };
		63C5BBA31D65E0CF00A5096E /* LeftViewController.h */ = {isa = PBXFileReference; fileEncoding = 4; lastKnownFileType = sourcecode.c.h; path = LeftViewController.h; sourceTree = "<group>"; };
		63C5BBA41D65E0CF00A5096E /* LeftViewController.m */ = {isa = PBXFileReference; fileEncoding = 4; lastKnownFileType = sourcecode.c.objc; path = LeftViewController.m; sourceTree = "<group>"; };
		63C680C01D66BF520053B871 /* CategoryManager.h */ = {isa = PBXFileReference; fileEncoding = 4; lastKnownFileType = sourcecode.c.h; path = CategoryManager.h; sourceTree = "<group>"; };
		63C680C11D66BF520053B871 /* CategoryManager.m */ = {isa = PBXFileReference; fileEncoding = 4; lastKnownFileType = sourcecode.c.objc; path = CategoryManager.m; sourceTree = "<group>"; };
		63C680C71D66C6570053B871 /* CategoryRequest.h */ = {isa = PBXFileReference; fileEncoding = 4; lastKnownFileType = sourcecode.c.h; path = CategoryRequest.h; sourceTree = "<group>"; };
		63C680C81D66C6570053B871 /* CategoryRequest.m */ = {isa = PBXFileReference; fileEncoding = 4; lastKnownFileType = sourcecode.c.objc; path = CategoryRequest.m; sourceTree = "<group>"; };
		63D7F38B1D50AF3700DE068A /* SplashPhotos.app */ = {isa = PBXFileReference; explicitFileType = wrapper.application; includeInIndex = 0; path = SplashPhotos.app; sourceTree = BUILT_PRODUCTS_DIR; };
		63D7F38F1D50AF3700DE068A /* main.m */ = {isa = PBXFileReference; lastKnownFileType = sourcecode.c.objc; path = main.m; sourceTree = "<group>"; };
		63D7F3911D50AF3700DE068A /* AppDelegate.h */ = {isa = PBXFileReference; lastKnownFileType = sourcecode.c.h; path = AppDelegate.h; sourceTree = "<group>"; };
		63D7F3921D50AF3700DE068A /* AppDelegate.m */ = {isa = PBXFileReference; lastKnownFileType = sourcecode.c.objc; path = AppDelegate.m; sourceTree = "<group>"; };
		63D7F3981D50AF3700DE068A /* Base */ = {isa = PBXFileReference; lastKnownFileType = file.storyboard; name = Base; path = Base.lproj/Main.storyboard; sourceTree = "<group>"; };
		63D7F39B1D50AF3700DE068A /* SplashPhotos.xcdatamodel */ = {isa = PBXFileReference; lastKnownFileType = wrapper.xcdatamodel; path = SplashPhotos.xcdatamodel; sourceTree = "<group>"; };
		63D7F39D1D50AF3700DE068A /* Assets.xcassets */ = {isa = PBXFileReference; lastKnownFileType = folder.assetcatalog; path = Assets.xcassets; sourceTree = "<group>"; };
		63D7F3A01D50AF3700DE068A /* Base */ = {isa = PBXFileReference; lastKnownFileType = file.storyboard; name = Base; path = Base.lproj/LaunchScreen.storyboard; sourceTree = "<group>"; };
		63D7F3A21D50AF3700DE068A /* Info.plist */ = {isa = PBXFileReference; lastKnownFileType = text.plist.xml; path = Info.plist; sourceTree = "<group>"; };
		63E91AB21D53149B0071546E /* ProfileImage+CoreDataProperties.h */ = {isa = PBXFileReference; fileEncoding = 4; lastKnownFileType = sourcecode.c.h; path = "ProfileImage+CoreDataProperties.h"; sourceTree = "<group>"; };
		63E91AB31D53149B0071546E /* ProfileImage+CoreDataProperties.m */ = {isa = PBXFileReference; fileEncoding = 4; lastKnownFileType = sourcecode.c.objc; path = "ProfileImage+CoreDataProperties.m"; sourceTree = "<group>"; };
		63E91AB41D53149B0071546E /* ProfileImage.h */ = {isa = PBXFileReference; fileEncoding = 4; lastKnownFileType = sourcecode.c.h; path = ProfileImage.h; sourceTree = "<group>"; };
		63E91AB51D53149B0071546E /* ProfileImage.m */ = {isa = PBXFileReference; fileEncoding = 4; lastKnownFileType = sourcecode.c.objc; path = ProfileImage.m; sourceTree = "<group>"; };
		63E91AB61D53149B0071546E /* Urls+CoreDataProperties.h */ = {isa = PBXFileReference; fileEncoding = 4; lastKnownFileType = sourcecode.c.h; path = "Urls+CoreDataProperties.h"; sourceTree = "<group>"; };
		63E91AB71D53149B0071546E /* Urls+CoreDataProperties.m */ = {isa = PBXFileReference; fileEncoding = 4; lastKnownFileType = sourcecode.c.objc; path = "Urls+CoreDataProperties.m"; sourceTree = "<group>"; };
		63E91AB81D53149B0071546E /* Urls.h */ = {isa = PBXFileReference; fileEncoding = 4; lastKnownFileType = sourcecode.c.h; path = Urls.h; sourceTree = "<group>"; };
		63E91AB91D53149B0071546E /* Urls.m */ = {isa = PBXFileReference; fileEncoding = 4; lastKnownFileType = sourcecode.c.objc; path = Urls.m; sourceTree = "<group>"; };
		63E91ABA1D53149B0071546E /* Photo+CoreDataProperties.h */ = {isa = PBXFileReference; fileEncoding = 4; lastKnownFileType = sourcecode.c.h; path = "Photo+CoreDataProperties.h"; sourceTree = "<group>"; };
		63E91ABB1D53149B0071546E /* Photo+CoreDataProperties.m */ = {isa = PBXFileReference; fileEncoding = 4; lastKnownFileType = sourcecode.c.objc; path = "Photo+CoreDataProperties.m"; sourceTree = "<group>"; };
		63E91ABC1D53149B0071546E /* Photo.h */ = {isa = PBXFileReference; fileEncoding = 4; lastKnownFileType = sourcecode.c.h; path = Photo.h; sourceTree = "<group>"; };
		63E91ABD1D53149B0071546E /* Photo.m */ = {isa = PBXFileReference; fileEncoding = 4; lastKnownFileType = sourcecode.c.objc; path = Photo.m; sourceTree = "<group>"; };
		63E91ABE1D53149B0071546E /* Links+CoreDataProperties.h */ = {isa = PBXFileReference; fileEncoding = 4; lastKnownFileType = sourcecode.c.h; path = "Links+CoreDataProperties.h"; sourceTree = "<group>"; };
		63E91ABF1D53149B0071546E /* Links+CoreDataProperties.m */ = {isa = PBXFileReference; fileEncoding = 4; lastKnownFileType = sourcecode.c.objc; path = "Links+CoreDataProperties.m"; sourceTree = "<group>"; };
		63E91AC01D53149B0071546E /* Links.h */ = {isa = PBXFileReference; fileEncoding = 4; lastKnownFileType = sourcecode.c.h; path = Links.h; sourceTree = "<group>"; };
		63E91AC11D53149B0071546E /* Links.m */ = {isa = PBXFileReference; fileEncoding = 4; lastKnownFileType = sourcecode.c.objc; path = Links.m; sourceTree = "<group>"; };
		63E91AC21D53149B0071546E /* User+CoreDataProperties.h */ = {isa = PBXFileReference; fileEncoding = 4; lastKnownFileType = sourcecode.c.h; path = "User+CoreDataProperties.h"; sourceTree = "<group>"; };
		63E91AC31D53149B0071546E /* User+CoreDataProperties.m */ = {isa = PBXFileReference; fileEncoding = 4; lastKnownFileType = sourcecode.c.objc; path = "User+CoreDataProperties.m"; sourceTree = "<group>"; };
		63E91AC41D53149B0071546E /* User.h */ = {isa = PBXFileReference; fileEncoding = 4; lastKnownFileType = sourcecode.c.h; path = User.h; sourceTree = "<group>"; };
		63E91AC51D53149B0071546E /* User.m */ = {isa = PBXFileReference; fileEncoding = 4; lastKnownFileType = sourcecode.c.objc; path = User.m; sourceTree = "<group>"; };
		63E91AD01D53157B0071546E /* UrlHelper.h */ = {isa = PBXFileReference; fileEncoding = 4; lastKnownFileType = sourcecode.c.h; path = UrlHelper.h; sourceTree = "<group>"; };
		63E91AD11D53157B0071546E /* UrlHelper.m */ = {isa = PBXFileReference; fileEncoding = 4; lastKnownFileType = sourcecode.c.objc; path = UrlHelper.m; sourceTree = "<group>"; };
		63E91AD31D5318830071546E /* UnsplashAPIHelper.h */ = {isa = PBXFileReference; fileEncoding = 4; lastKnownFileType = sourcecode.c.h; path = UnsplashAPIHelper.h; sourceTree = "<group>"; };
		63E91AD41D5318830071546E /* UnsplashAPIHelper.m */ = {isa = PBXFileReference; fileEncoding = 4; lastKnownFileType = sourcecode.c.objc; path = UnsplashAPIHelper.m; sourceTree = "<group>"; };
		63E91AD61D531CDB0071546E /* PhotoManager.h */ = {isa = PBXFileReference; fileEncoding = 4; lastKnownFileType = sourcecode.c.h; path = PhotoManager.h; sourceTree = "<group>"; };
		63E91AD71D531CDB0071546E /* PhotoManager.m */ = {isa = PBXFileReference; fileEncoding = 4; lastKnownFileType = sourcecode.c.objc; path = PhotoManager.m; sourceTree = "<group>"; };
		63E91AD91D53551E0071546E /* MobileCoreServices.framework */ = {isa = PBXFileReference; lastKnownFileType = wrapper.framework; name = MobileCoreServices.framework; path = System/Library/Frameworks/MobileCoreServices.framework; sourceTree = SDKROOT; };
		63E91ADB1D53554D0071546E /* SystemConfiguration.framework */ = {isa = PBXFileReference; lastKnownFileType = wrapper.framework; name = SystemConfiguration.framework; path = System/Library/Frameworks/SystemConfiguration.framework; sourceTree = SDKROOT; };
		63E91ADD1D5357040071546E /* Security.framework */ = {isa = PBXFileReference; lastKnownFileType = wrapper.framework; name = Security.framework; path = System/Library/Frameworks/Security.framework; sourceTree = SDKROOT; };
		63E91ADF1D536BCF0071546E /* NetworkHelper.h */ = {isa = PBXFileReference; fileEncoding = 4; lastKnownFileType = sourcecode.c.h; path = NetworkHelper.h; sourceTree = "<group>"; };
		63E91AE01D536BCF0071546E /* NetworkHelper.m */ = {isa = PBXFileReference; fileEncoding = 4; lastKnownFileType = sourcecode.c.objc; path = NetworkHelper.m; sourceTree = "<group>"; };
		63F8D97B1D669B260056CFD5 /* Category.h */ = {isa = PBXFileReference; fileEncoding = 4; lastKnownFileType = sourcecode.c.h; path = Category.h; sourceTree = "<group>"; };
		63F8D97C1D669B260056CFD5 /* Category.m */ = {isa = PBXFileReference; fileEncoding = 4; lastKnownFileType = sourcecode.c.objc; path = Category.m; sourceTree = "<group>"; };
		63F8D97E1D669E680056CFD5 /* Links2.h */ = {isa = PBXFileReference; fileEncoding = 4; lastKnownFileType = sourcecode.c.h; path = Links2.h; sourceTree = "<group>"; };
		63F8D97F1D669E680056CFD5 /* Links2.m */ = {isa = PBXFileReference; fileEncoding = 4; lastKnownFileType = sourcecode.c.objc; path = Links2.m; sourceTree = "<group>"; };
		8A7EB34F915EC58AE7A94D2D /* Pods-SplashPhotos.debug.xcconfig */ = {isa = PBXFileReference; includeInIndex = 1; lastKnownFileType = text.xcconfig; name = "Pods-SplashPhotos.debug.xcconfig"; path = "Pods/Target Support Files/Pods-SplashPhotos/Pods-SplashPhotos.debug.xcconfig"; sourceTree = "<group>"; };
		9D5AC88D43B138B013C21650 /* libPods-SplashPhotos.a */ = {isa = PBXFileReference; explicitFileType = archive.ar; includeInIndex = 0; path = "libPods-SplashPhotos.a"; sourceTree = BUILT_PRODUCTS_DIR; };
		EB1A690AFDDD2FB02544C12B /* Pods-SplashPhotos.release.xcconfig */ = {isa = PBXFileReference; includeInIndex = 1; lastKnownFileType = text.xcconfig; name = "Pods-SplashPhotos.release.xcconfig"; path = "Pods/Target Support Files/Pods-SplashPhotos/Pods-SplashPhotos.release.xcconfig"; sourceTree = "<group>"; };
/* End PBXFileReference section */

/* Begin PBXFrameworksBuildPhase section */
		63D7F3881D50AF3700DE068A /* Frameworks */ = {
			isa = PBXFrameworksBuildPhase;
			buildActionMask = 2147483647;
			files = (
				63E91ADE1D5357040071546E /* Security.framework in Frameworks */,
				63E91ADC1D53554D0071546E /* SystemConfiguration.framework in Frameworks */,
				63E91ADA1D53551E0071546E /* MobileCoreServices.framework in Frameworks */,
				3FA3B3BB40C88C9222AA0C2C /* libPods-SplashPhotos.a in Frameworks */,
			);
			runOnlyForDeploymentPostprocessing = 0;
		};
/* End PBXFrameworksBuildPhase section */

/* Begin PBXGroup section */
		35D68EFB14506B6B13335EB7 /* Frameworks */ = {
			isa = PBXGroup;
			children = (
				63E91ADD1D5357040071546E /* Security.framework */,
				63E91ADB1D53554D0071546E /* SystemConfiguration.framework */,
				63E91AD91D53551E0071546E /* MobileCoreServices.framework */,
				9D5AC88D43B138B013C21650 /* libPods-SplashPhotos.a */,
			);
			name = Frameworks;
			sourceTree = "<group>";
		};
		631E56991D54E626003B3800 /* Setting */ = {
			isa = PBXGroup;
			children = (
				631E569A1D54E65A003B3800 /* SettingViewController.h */,
				631E569B1D54E65A003B3800 /* SettingViewController.m */,
			);
			name = Setting;
			sourceTree = "<group>";
		};
		632604841D52249D00A96425 /* Photos */ = {
			isa = PBXGroup;
			children = (
				632604851D5224C800A96425 /* PhotoCollectionViewController.h */,
				632604861D5224C800A96425 /* PhotoCollectionViewController.m */,
				632604881D52290800A96425 /* PhotosCollectionViewCell.h */,
				632604891D52290800A96425 /* PhotosCollectionViewCell.m */,
			);
			name = Photos;
			sourceTree = "<group>";
		};
		633AEA461D519BD300E50FA1 /* Manager */ = {
			isa = PBXGroup;
			children = (
				63C680C61D66C55D0053B871 /* Category */,
				6323B9F11D586D850000650C /* FileOperationManager.h */,
				6323B9F21D586D850000650C /* FileOperationManager.m */,
				63E91AD61D531CDB0071546E /* PhotoManager.h */,
				63E91AD71D531CDB0071546E /* PhotoManager.m */,
				631E56961D54D962003B3800 /* DownloadManager.h */,
				631E56971D54D962003B3800 /* DownloadManager.m */,
				631E569D1D54E734003B3800 /* SettingManager.h */,
				631E569E1D54E734003B3800 /* SettingManager.m */,
			);
			name = Manager;
			sourceTree = "<group>";
		};
		633AEA471D519BDE00E50FA1 /* Helper */ = {
			isa = PBXGroup;
			children = (
				63E91AD01D53157B0071546E /* UrlHelper.h */,
				63E91AD11D53157B0071546E /* UrlHelper.m */,
				63E91AD31D5318830071546E /* UnsplashAPIHelper.h */,
				63E91AD41D5318830071546E /* UnsplashAPIHelper.m */,
				63E91ADF1D536BCF0071546E /* NetworkHelper.h */,
				63E91AE01D536BCF0071546E /* NetworkHelper.m */,
				63A5392C1D55D41F001444F0 /* SystemServiceHelper.h */,
				63A5392D1D55D41F001444F0 /* SystemServiceHelper.m */,
				63A5392F1D55F486001444F0 /* NetworkRequestHelper.h */,
				63A539301D55F486001444F0 /* NetworkRequestHelper.m */,
			);
			name = Helper;
			sourceTree = "<group>";
		};
		633AEA481D519BE800E50FA1 /* View */ = {
			isa = PBXGroup;
			children = (
				63C5BB9B1D65DE2A00A5096E /* Init */,
				63A539181D557740001444F0 /* Download */,
				63A539141D55693E001444F0 /* MainTab */,
				631E56991D54E626003B3800 /* Setting */,
				632604841D52249D00A96425 /* Photos */,
			);
			name = View;
			sourceTree = "<group>";
		};
		633AEA491D519BFD00E50FA1 /* Entity */ = {
			isa = PBXGroup;
			children = (
				63F8D97A1D669B030056CFD5 /* Category */,
				63A539261D55C9EF001444F0 /* Download */,
				63E91AB11D530D5E0071546E /* Photo */,
				63E91AB01D530D3C0071546E /* Urls */,
				63E91AAF1D530D360071546E /* User */,
				63E91AAE1D530D2F0071546E /* Links */,
				63E91AAD1D530D140071546E /* ProfileImage */,
			);
			name = Entity;
			sourceTree = "<group>";
		};
		63A539141D55693E001444F0 /* MainTab */ = {
			isa = PBXGroup;
			children = (
				63A539151D5569AA001444F0 /* MainTabBarController.h */,
				63A539161D5569AA001444F0 /* MainTabBarController.m */,
			);
			name = MainTab;
			sourceTree = "<group>";
		};
		63A539181D557740001444F0 /* Download */ = {
			isa = PBXGroup;
			children = (
				63A539191D55775A001444F0 /* DownloadTableViewController.h */,
				63A5391A1D55775A001444F0 /* DownloadTableViewController.m */,
				63A5391C1D55777C001444F0 /* DownloadTableViewCell.h */,
				63A5391D1D55777C001444F0 /* DownloadTableViewCell.m */,
			);
			name = Download;
			sourceTree = "<group>";
		};
		63A5391F1D558636001444F0 /* Category */ = {
			isa = PBXGroup;
			children = (
				63A539231D55874C001444F0 /* UIColor+HPZColor.h */,
				63A539241D55874C001444F0 /* UIColor+HPZColor.m */,
				63153EFA1D5AD73C00443497 /* UITableView+NoData.h */,
				63153EFB1D5AD73C00443497 /* UITableView+NoData.m */,
			);
			name = Category;
			sourceTree = "<group>";
		};
		63A539261D55C9EF001444F0 /* Download */ = {
			isa = PBXGroup;
			children = (
				63A539271D55CA07001444F0 /* DownloadPhoto.h */,
				63A539281D55CA07001444F0 /* DownloadPhoto.m */,
			);
			name = Download;
			sourceTree = "<group>";
		};
		63BB650A1D5623D40057004B /* Service */ = {
			isa = PBXGroup;
			children = (
				63A373C81D56BB34006BF19F /* PhotoService.h */,
				63A373C91D56BB34006BF19F /* PhotoService.m */,
			);
			name = Service;
			sourceTree = "<group>";
		};
		63C5BB871D65D16E00A5096E /* Vender */ = {
			isa = PBXGroup;
			children = (
				63C5BB911D65D1DA00A5096E /* RESideMenu */,
			);
			name = Vender;
			sourceTree = "<group>";
		};
		63C5BB911D65D1DA00A5096E /* RESideMenu */ = {
			isa = PBXGroup;
			children = (
				63C5BB921D65D1F700A5096E /* RECommonFunctions.h */,
				63C5BB931D65D1F700A5096E /* RECommonFunctions.m */,
				63C5BB941D65D1F700A5096E /* RESideMenu.h */,
				63C5BB951D65D1F700A5096E /* RESideMenu.m */,
				63C5BB961D65D1F700A5096E /* UIViewController+RESideMenu.h */,
				63C5BB971D65D1F700A5096E /* UIViewController+RESideMenu.m */,
			);
			name = RESideMenu;
			sourceTree = "<group>";
		};
		63C5BB9B1D65DE2A00A5096E /* Init */ = {
			isa = PBXGroup;
			children = (
				63C5BB9F1D65DEBF00A5096E /* InitViewController.h */,
				63C5BBA01D65DEBF00A5096E /* InitViewController.m */,
				63C5BBA31D65E0CF00A5096E /* LeftViewController.h */,
				63C5BBA41D65E0CF00A5096E /* LeftViewController.m */,
			);
			name = Init;
			sourceTree = "<group>";
		};
		63C680C61D66C55D0053B871 /* Category */ = {
			isa = PBXGroup;
			children = (
				63C680C01D66BF520053B871 /* CategoryManager.h */,
				63C680C11D66BF520053B871 /* CategoryManager.m */,
				63C680C71D66C6570053B871 /* CategoryRequest.h */,
				63C680C81D66C6570053B871 /* CategoryRequest.m */,
			);
			name = Category;
			sourceTree = "<group>";
		};
		63D7F3821D50AF3700DE068A = {
			isa = PBXGroup;
			children = (
				63D7F38D1D50AF3700DE068A /* SplashPhotos */,
				63D7F38C1D50AF3700DE068A /* Products */,
				35D68EFB14506B6B13335EB7 /* Frameworks */,
				808E6195409D3F9A62893CD1 /* Pods */,
			);
			sourceTree = "<group>";
		};
		63D7F38C1D50AF3700DE068A /* Products */ = {
			isa = PBXGroup;
			children = (
				63D7F38B1D50AF3700DE068A /* SplashPhotos.app */,
			);
			name = Products;
			sourceTree = "<group>";
		};
		63D7F38D1D50AF3700DE068A /* SplashPhotos */ = {
			isa = PBXGroup;
			children = (
				63C5BB871D65D16E00A5096E /* Vender */,
				63BB650A1D5623D40057004B /* Service */,
				63A5391F1D558636001444F0 /* Category */,
				633AEA491D519BFD00E50FA1 /* Entity */,
				633AEA481D519BE800E50FA1 /* View */,
				633AEA471D519BDE00E50FA1 /* Helper */,
				633AEA461D519BD300E50FA1 /* Manager */,
				63D7F3911D50AF3700DE068A /* AppDelegate.h */,
				63D7F3921D50AF3700DE068A /* AppDelegate.m */,
				63D7F3971D50AF3700DE068A /* Main.storyboard */,
				63D7F39D1D50AF3700DE068A /* Assets.xcassets */,
				63D7F39F1D50AF3700DE068A /* LaunchScreen.storyboard */,
				63D7F3A21D50AF3700DE068A /* Info.plist */,
				63D7F39A1D50AF3700DE068A /* SplashPhotos.xcdatamodeld */,
				63D7F38E1D50AF3700DE068A /* Supporting Files */,
			);
			path = SplashPhotos;
			sourceTree = "<group>";
		};
		63D7F38E1D50AF3700DE068A /* Supporting Files */ = {
			isa = PBXGroup;
			children = (
				63D7F38F1D50AF3700DE068A /* main.m */,
				63207CF51D51C7050003A361 /* Prefix.pch */,
			);
			name = "Supporting Files";
			sourceTree = "<group>";
		};
		63E91AAD1D530D140071546E /* ProfileImage */ = {
			isa = PBXGroup;
			children = (
				63E91AB21D53149B0071546E /* ProfileImage+CoreDataProperties.h */,
				63E91AB31D53149B0071546E /* ProfileImage+CoreDataProperties.m */,
				63E91AB41D53149B0071546E /* ProfileImage.h */,
				63E91AB51D53149B0071546E /* ProfileImage.m */,
			);
			name = ProfileImage;
			sourceTree = "<group>";
		};
		63E91AAE1D530D2F0071546E /* Links */ = {
			isa = PBXGroup;
			children = (
				63E91ABE1D53149B0071546E /* Links+CoreDataProperties.h */,
				63E91ABF1D53149B0071546E /* Links+CoreDataProperties.m */,
				63E91AC01D53149B0071546E /* Links.h */,
				63E91AC11D53149B0071546E /* Links.m */,
			);
			name = Links;
			sourceTree = "<group>";
		};
		63E91AAF1D530D360071546E /* User */ = {
			isa = PBXGroup;
			children = (
				63E91AC21D53149B0071546E /* User+CoreDataProperties.h */,
				63E91AC31D53149B0071546E /* User+CoreDataProperties.m */,
				63E91AC41D53149B0071546E /* User.h */,
				63E91AC51D53149B0071546E /* User.m */,
			);
			name = User;
			sourceTree = "<group>";
		};
		63E91AB01D530D3C0071546E /* Urls */ = {
			isa = PBXGroup;
			children = (
				63E91AB61D53149B0071546E /* Urls+CoreDataProperties.h */,
				63E91AB71D53149B0071546E /* Urls+CoreDataProperties.m */,
				63E91AB81D53149B0071546E /* Urls.h */,
				63E91AB91D53149B0071546E /* Urls.m */,
			);
			name = Urls;
			sourceTree = "<group>";
		};
		63E91AB11D530D5E0071546E /* Photo */ = {
			isa = PBXGroup;
			children = (
				63E91ABA1D53149B0071546E /* Photo+CoreDataProperties.h */,
				63E91ABB1D53149B0071546E /* Photo+CoreDataProperties.m */,
				63E91ABC1D53149B0071546E /* Photo.h */,
				63E91ABD1D53149B0071546E /* Photo.m */,
			);
			name = Photo;
			sourceTree = "<group>";
		};
		63F8D97A1D669B030056CFD5 /* Category */ = {
			isa = PBXGroup;
			children = (
				63F8D97B1D669B260056CFD5 /* Category.h */,
				63F8D97C1D669B260056CFD5 /* Category.m */,
				63F8D97E1D669E680056CFD5 /* Links2.h */,
				63F8D97F1D669E680056CFD5 /* Links2.m */,
			);
			name = Category;
			sourceTree = "<group>";
		};
		808E6195409D3F9A62893CD1 /* Pods */ = {
			isa = PBXGroup;
			children = (
				8A7EB34F915EC58AE7A94D2D /* Pods-SplashPhotos.debug.xcconfig */,
				EB1A690AFDDD2FB02544C12B /* Pods-SplashPhotos.release.xcconfig */,
			);
			name = Pods;
			sourceTree = "<group>";
		};
/* End PBXGroup section */

/* Begin PBXNativeTarget section */
		63D7F38A1D50AF3700DE068A /* SplashPhotos */ = {
			isa = PBXNativeTarget;
			buildConfigurationList = 63D7F3A51D50AF3700DE068A /* Build configuration list for PBXNativeTarget "SplashPhotos" */;
			buildPhases = (
				E8528C0BB0476F0E44647A8F /* [CP] Check Pods Manifest.lock */,
				63D7F3871D50AF3700DE068A /* Sources */,
				63D7F3881D50AF3700DE068A /* Frameworks */,
				63D7F3891D50AF3700DE068A /* Resources */,
				9906976582065120F77DCB87 /* [CP] Embed Pods Frameworks */,
				C18799A2451D71523819A055 /* [CP] Copy Pods Resources */,
			);
			buildRules = (
			);
			dependencies = (
			);
			name = SplashPhotos;
			productName = SplashPhotos;
			productReference = 63D7F38B1D50AF3700DE068A /* SplashPhotos.app */;
			productType = "com.apple.product-type.application";
		};
/* End PBXNativeTarget section */

/* Begin PBXProject section */
		63D7F3831D50AF3700DE068A /* Project object */ = {
			isa = PBXProject;
			attributes = {
				LastUpgradeCheck = 0730;
				ORGANIZATIONNAME = HaoPeng;
				TargetAttributes = {
					63D7F38A1D50AF3700DE068A = {
						CreatedOnToolsVersion = 7.3.1;
						DevelopmentTeam = KN86SS5733;
					};
				};
			};
			buildConfigurationList = 63D7F3861D50AF3700DE068A /* Build configuration list for PBXProject "SplashPhotos" */;
			compatibilityVersion = "Xcode 3.2";
			developmentRegion = English;
			hasScannedForEncodings = 0;
			knownRegions = (
				en,
				Base,
			);
			mainGroup = 63D7F3821D50AF3700DE068A;
			productRefGroup = 63D7F38C1D50AF3700DE068A /* Products */;
			projectDirPath = "";
			projectRoot = "";
			targets = (
				63D7F38A1D50AF3700DE068A /* SplashPhotos */,
			);
		};
/* End PBXProject section */

/* Begin PBXResourcesBuildPhase section */
		63D7F3891D50AF3700DE068A /* Resources */ = {
			isa = PBXResourcesBuildPhase;
			buildActionMask = 2147483647;
			files = (
				63D7F3A11D50AF3700DE068A /* LaunchScreen.storyboard in Resources */,
				63D7F39E1D50AF3700DE068A /* Assets.xcassets in Resources */,
				63D7F3991D50AF3700DE068A /* Main.storyboard in Resources */,
			);
			runOnlyForDeploymentPostprocessing = 0;
		};
/* End PBXResourcesBuildPhase section */

/* Begin PBXShellScriptBuildPhase section */
		9906976582065120F77DCB87 /* [CP] Embed Pods Frameworks */ = {
			isa = PBXShellScriptBuildPhase;
			buildActionMask = 2147483647;
			files = (
			);
			inputPaths = (
			);
			name = "[CP] Embed Pods Frameworks";
			outputPaths = (
			);
			runOnlyForDeploymentPostprocessing = 0;
			shellPath = /bin/sh;
			shellScript = "\"${SRCROOT}/Pods/Target Support Files/Pods-SplashPhotos/Pods-SplashPhotos-frameworks.sh\"\n";
			showEnvVarsInLog = 0;
		};
		C18799A2451D71523819A055 /* [CP] Copy Pods Resources */ = {
			isa = PBXShellScriptBuildPhase;
			buildActionMask = 2147483647;
			files = (
			);
			inputPaths = (
			);
			name = "[CP] Copy Pods Resources";
			outputPaths = (
			);
			runOnlyForDeploymentPostprocessing = 0;
			shellPath = /bin/sh;
			shellScript = "\"${SRCROOT}/Pods/Target Support Files/Pods-SplashPhotos/Pods-SplashPhotos-resources.sh\"\n";
			showEnvVarsInLog = 0;
		};
		E8528C0BB0476F0E44647A8F /* [CP] Check Pods Manifest.lock */ = {
			isa = PBXShellScriptBuildPhase;
			buildActionMask = 2147483647;
			files = (
			);
			inputPaths = (
			);
			name = "[CP] Check Pods Manifest.lock";
			outputPaths = (
			);
			runOnlyForDeploymentPostprocessing = 0;
			shellPath = /bin/sh;
			shellScript = "diff \"${PODS_ROOT}/../Podfile.lock\" \"${PODS_ROOT}/Manifest.lock\" > /dev/null\nif [[ $? != 0 ]] ; then\n    cat << EOM\nerror: The sandbox is not in sync with the Podfile.lock. Run 'pod install' or update your CocoaPods installation.\nEOM\n    exit 1\nfi\n";
			showEnvVarsInLog = 0;
		};
/* End PBXShellScriptBuildPhase section */

/* Begin PBXSourcesBuildPhase section */
		63D7F3871D50AF3700DE068A /* Sources */ = {
			isa = PBXSourcesBuildPhase;
			buildActionMask = 2147483647;
			files = (
				63E91AD21D53157B0071546E /* UrlHelper.m in Sources */,
				6323B9F31D586D850000650C /* FileOperationManager.m in Sources */,
				63E91ACE1D53149B0071546E /* User+CoreDataProperties.m in Sources */,
				63F8D97D1D669B260056CFD5 /* Category.m in Sources */,
				63A539251D55874C001444F0 /* UIColor+HPZColor.m in Sources */,
				63A5391B1D55775A001444F0 /* DownloadTableViewController.m in Sources */,
				631E569F1D54E734003B3800 /* SettingManager.m in Sources */,
				6326048A1D52290800A96425 /* PhotosCollectionViewCell.m in Sources */,
				631E56981D54D962003B3800 /* DownloadManager.m in Sources */,
				63E91ACD1D53149B0071546E /* Links.m in Sources */,
				63D7F39C1D50AF3700DE068A /* SplashPhotos.xcdatamodeld in Sources */,
				632604871D5224C800A96425 /* PhotoCollectionViewController.m in Sources */,
				63A539291D55CA07001444F0 /* DownloadPhoto.m in Sources */,
				63C5BBA51D65E0CF00A5096E /* LeftViewController.m in Sources */,
				63C5BB9A1D65D1F700A5096E /* UIViewController+RESideMenu.m in Sources */,
				63E91ACF1D53149B0071546E /* User.m in Sources */,
				63E91AD51D5318830071546E /* UnsplashAPIHelper.m in Sources */,
				63E91AC91D53149B0071546E /* Urls.m in Sources */,
				63A5392E1D55D41F001444F0 /* SystemServiceHelper.m in Sources */,
				63E91ACA1D53149B0071546E /* Photo+CoreDataProperties.m in Sources */,
				63E91ACC1D53149B0071546E /* Links+CoreDataProperties.m in Sources */,
				63C680C21D66BF520053B871 /* CategoryManager.m in Sources */,
				63153EFC1D5AD73C00443497 /* UITableView+NoData.m in Sources */,
				63E91AC61D53149B0071546E /* ProfileImage+CoreDataProperties.m in Sources */,
				63D7F3931D50AF3700DE068A /* AppDelegate.m in Sources */,
				63E91AC81D53149B0071546E /* Urls+CoreDataProperties.m in Sources */,
				63E91AD81D531CDB0071546E /* PhotoManager.m in Sources */,
				63A539311D55F486001444F0 /* NetworkRequestHelper.m in Sources */,
				63E91ACB1D53149B0071546E /* Photo.m in Sources */,
				63F8D9801D669E680056CFD5 /* Links2.m in Sources */,
				63C5BBA11D65DEBF00A5096E /* InitViewController.m in Sources */,
				631E569C1D54E65A003B3800 /* SettingViewController.m in Sources */,
				63C5BB991D65D1F700A5096E /* RESideMenu.m in Sources */,
				63A373CA1D56BB34006BF19F /* PhotoService.m in Sources */,
				63D7F3901D50AF3700DE068A /* main.m in Sources */,
				63E91AC71D53149B0071546E /* ProfileImage.m in Sources */,
				63A5391E1D55777C001444F0 /* DownloadTableViewCell.m in Sources */,
				63A539171D5569AA001444F0 /* MainTabBarController.m in Sources */,
				63C5BB981D65D1F700A5096E /* RECommonFunctions.m in Sources */,
				63C680C91D66C6570053B871 /* CategoryRequest.m in Sources */,
				63E91AE11D536BCF0071546E /* NetworkHelper.m in Sources */,
			);
			runOnlyForDeploymentPostprocessing = 0;
		};
/* End PBXSourcesBuildPhase section */

/* Begin PBXVariantGroup section */
		63D7F3971D50AF3700DE068A /* Main.storyboard */ = {
			isa = PBXVariantGroup;
			children = (
				63D7F3981D50AF3700DE068A /* Base */,
			);
			name = Main.storyboard;
			sourceTree = "<group>";
		};
		63D7F39F1D50AF3700DE068A /* LaunchScreen.storyboard */ = {
			isa = PBXVariantGroup;
			children = (
				63D7F3A01D50AF3700DE068A /* Base */,
			);
			name = LaunchScreen.storyboard;
			sourceTree = "<group>";
		};
/* End PBXVariantGroup section */

/* Begin XCBuildConfiguration section */
		63D7F3A31D50AF3700DE068A /* Debug */ = {
			isa = XCBuildConfiguration;
			buildSettings = {
				ALWAYS_SEARCH_USER_PATHS = NO;
				CLANG_ANALYZER_NONNULL = YES;
				CLANG_CXX_LANGUAGE_STANDARD = "gnu++0x";
				CLANG_CXX_LIBRARY = "libc++";
				CLANG_ENABLE_MODULES = YES;
				CLANG_ENABLE_OBJC_ARC = YES;
				CLANG_WARN_BOOL_CONVERSION = YES;
				CLANG_WARN_CONSTANT_CONVERSION = YES;
				CLANG_WARN_DIRECT_OBJC_ISA_USAGE = YES_ERROR;
				CLANG_WARN_EMPTY_BODY = YES;
				CLANG_WARN_ENUM_CONVERSION = YES;
				CLANG_WARN_INT_CONVERSION = YES;
				CLANG_WARN_OBJC_ROOT_CLASS = YES_ERROR;
				CLANG_WARN_UNREACHABLE_CODE = YES;
				CLANG_WARN__DUPLICATE_METHOD_MATCH = YES;
				"CODE_SIGN_IDENTITY[sdk=iphoneos*]" = "iPhone Developer";
				COPY_PHASE_STRIP = NO;
				DEBUG_INFORMATION_FORMAT = dwarf;
				ENABLE_STRICT_OBJC_MSGSEND = YES;
				ENABLE_TESTABILITY = YES;
				GCC_C_LANGUAGE_STANDARD = gnu99;
				GCC_DYNAMIC_NO_PIC = NO;
				GCC_NO_COMMON_BLOCKS = YES;
				GCC_OPTIMIZATION_LEVEL = 0;
				GCC_PREPROCESSOR_DEFINITIONS = (
					"DEBUG=1",
					"$(inherited)",
				);
				GCC_WARN_64_TO_32_BIT_CONVERSION = YES;
				GCC_WARN_ABOUT_RETURN_TYPE = YES_ERROR;
				GCC_WARN_UNDECLARED_SELECTOR = YES;
				GCC_WARN_UNINITIALIZED_AUTOS = YES_AGGRESSIVE;
				GCC_WARN_UNUSED_FUNCTION = YES;
				GCC_WARN_UNUSED_VARIABLE = YES;
				IPHONEOS_DEPLOYMENT_TARGET = 9.3;
				MTL_ENABLE_DEBUG_INFO = YES;
				ONLY_ACTIVE_ARCH = YES;
				SDKROOT = iphoneos;
			};
			name = Debug;
		};
		63D7F3A41D50AF3700DE068A /* Release */ = {
			isa = XCBuildConfiguration;
			buildSettings = {
				ALWAYS_SEARCH_USER_PATHS = NO;
				CLANG_ANALYZER_NONNULL = YES;
				CLANG_CXX_LANGUAGE_STANDARD = "gnu++0x";
				CLANG_CXX_LIBRARY = "libc++";
				CLANG_ENABLE_MODULES = YES;
				CLANG_ENABLE_OBJC_ARC = YES;
				CLANG_WARN_BOOL_CONVERSION = YES;
				CLANG_WARN_CONSTANT_CONVERSION = YES;
				CLANG_WARN_DIRECT_OBJC_ISA_USAGE = YES_ERROR;
				CLANG_WARN_EMPTY_BODY = YES;
				CLANG_WARN_ENUM_CONVERSION = YES;
				CLANG_WARN_INT_CONVERSION = YES;
				CLANG_WARN_OBJC_ROOT_CLASS = YES_ERROR;
				CLANG_WARN_UNREACHABLE_CODE = YES;
				CLANG_WARN__DUPLICATE_METHOD_MATCH = YES;
				"CODE_SIGN_IDENTITY[sdk=iphoneos*]" = "iPhone Developer";
				COPY_PHASE_STRIP = NO;
				DEBUG_INFORMATION_FORMAT = "dwarf-with-dsym";
				ENABLE_NS_ASSERTIONS = NO;
				ENABLE_STRICT_OBJC_MSGSEND = YES;
				GCC_C_LANGUAGE_STANDARD = gnu99;
				GCC_NO_COMMON_BLOCKS = YES;
				GCC_WARN_64_TO_32_BIT_CONVERSION = YES;
				GCC_WARN_ABOUT_RETURN_TYPE = YES_ERROR;
				GCC_WARN_UNDECLARED_SELECTOR = YES;
				GCC_WARN_UNINITIALIZED_AUTOS = YES_AGGRESSIVE;
				GCC_WARN_UNUSED_FUNCTION = YES;
				GCC_WARN_UNUSED_VARIABLE = YES;
				IPHONEOS_DEPLOYMENT_TARGET = 9.3;
				MTL_ENABLE_DEBUG_INFO = NO;
				SDKROOT = iphoneos;
				VALIDATE_PRODUCT = YES;
			};
			name = Release;
		};
		63D7F3A61D50AF3700DE068A /* Debug */ = {
			isa = XCBuildConfiguration;
			baseConfigurationReference = 8A7EB34F915EC58AE7A94D2D /* Pods-SplashPhotos.debug.xcconfig */;
			buildSettings = {
				ASSETCATALOG_COMPILER_APPICON_NAME = AppIcon;
				CLANG_ENABLE_OBJC_ARC = YES;
				GCC_PRECOMPILE_PREFIX_HEADER = YES;
				GCC_PREFIX_HEADER = "$(SRCROOT)/SplashPhotos/Prefix.pch";
				INFOPLIST_FILE = SplashPhotos/Info.plist;
				LD_RUNPATH_SEARCH_PATHS = "$(inherited) @executable_path/Frameworks";
				PRODUCT_BUNDLE_IDENTIFIER = com.hp.zi.SplashPhotos;
				PRODUCT_NAME = "$(TARGET_NAME)";
			};
			name = Debug;
		};
		63D7F3A71D50AF3700DE068A /* Release */ = {
			isa = XCBuildConfiguration;
			baseConfigurationReference = EB1A690AFDDD2FB02544C12B /* Pods-SplashPhotos.release.xcconfig */;
			buildSettings = {
				ASSETCATALOG_COMPILER_APPICON_NAME = AppIcon;
				CLANG_ENABLE_OBJC_ARC = YES;
				GCC_PRECOMPILE_PREFIX_HEADER = YES;
				INFOPLIST_FILE = SplashPhotos/Info.plist;
				LD_RUNPATH_SEARCH_PATHS = "$(inherited) @executable_path/Frameworks";
				PRODUCT_BUNDLE_IDENTIFIER = com.hp.zi.SplashPhotos;
				PRODUCT_NAME = "$(TARGET_NAME)";
			};
			name = Release;
		};
/* End XCBuildConfiguration section */

/* Begin XCConfigurationList section */
		63D7F3861D50AF3700DE068A /* Build configuration list for PBXProject "SplashPhotos" */ = {
			isa = XCConfigurationList;
			buildConfigurations = (
				63D7F3A31D50AF3700DE068A /* Debug */,
				63D7F3A41D50AF3700DE068A /* Release */,
			);
			defaultConfigurationIsVisible = 0;
			defaultConfigurationName = Release;
		};
		63D7F3A51D50AF3700DE068A /* Build configuration list for PBXNativeTarget "SplashPhotos" */ = {
			isa = XCConfigurationList;
			buildConfigurations = (
				63D7F3A61D50AF3700DE068A /* Debug */,
				63D7F3A71D50AF3700DE068A /* Release */,
			);
			defaultConfigurationIsVisible = 0;
			defaultConfigurationName = Release;
		};
/* End XCConfigurationList section */

/* Begin XCVersionGroup section */
		63D7F39A1D50AF3700DE068A /* SplashPhotos.xcdatamodeld */ = {
			isa = XCVersionGroup;
			children = (
				63D7F39B1D50AF3700DE068A /* SplashPhotos.xcdatamodel */,
			);
			currentVersion = 63D7F39B1D50AF3700DE068A /* SplashPhotos.xcdatamodel */;
			path = SplashPhotos.xcdatamodeld;
			sourceTree = "<group>";
			versionGroupType = wrapper.xcdatamodel;
		};
/* End XCVersionGroup section */
	};
	rootObject = 63D7F3831D50AF3700DE068A /* Project object */;
}
